
Microsoft Visual Studio Solution File, Format Version 12.00
# Visual Studio Version 17
VisualStudioVersion = 17.13.35931.197 d17.13
MinimumVisualStudioVersion = 10.0.40219.1
Project("{FAE04EC0-301F-11D3-BF4B-00C04F79EFBC}") = "ProjetoDaora", "ProjetoDaora\ProjetoDaora.csproj", "{181831EA-71D1-4FC6-A38A-5B2C2A5E1FCF}"
EndProject
Global
	GlobalSection(SolutionConfigurationPlatforms) = preSolution
		Debug|Any CPU = Debug|Any CPU
		Release|Any CPU = Release|Any CPU
	EndGlobalSection
	GlobalSection(ProjectConfigurationPlatforms) = postSolution
		{181831EA-71D1-4FC6-A38A-5B2C2A5E1FCF}.Debug|Any CPU.ActiveCfg = Debug|Any CPU
		{181831EA-71D1-4FC6-A38A-5B2C2A5E1FCF}.Debug|Any CPU.Build.0 = Debug|Any CPU
		{181831EA-71D1-4FC6-A38A-5B2C2A5E1FCF}.Release|Any CPU.ActiveCfg = Release|Any CPU
		{181831EA-71D1-4FC6-A38A-5B2C2A5E1FCF}.Release|Any CPU.Build.0 = Release|Any CPU
	EndGlobalSection
	GlobalSection(SolutionProperties) = preSolution
		HideSolutionNode = FALSE
	EndGlobalSection
	GlobalSection(ExtensibilityGlobals) = postSolution
		SolutionGuid = {87C437CF-D0D6-403D-B770-6D1D231F8858}
	EndGlobalSection
EndGlobal
